{
  "version": 4,
  "terraform_version": "1.5.7",
  "serial": 72,
  "lineage": "ca74ca45-7d1a-6259-3979-867ffeb76a26",
  "outputs": {},
  "resources": [
    {
      "module": "module.postgresdb",
      "mode": "managed",
      "type": "docker_image",
      "name": "postgres",
      "provider": "module.postgresdb.provider[\"registry.terraform.io/kreuzwerker/docker\"]",
      "instances": [
        {
          "schema_version": 0,
          "attributes": {
            "build": [],
            "force_remove": null,
            "id": "sha256:4ec37d2a07a0067f176fdcc9d4bb633a5724d2cc4f892c7a2046d054bb6939e5postgres:latest",
            "image_id": "sha256:4ec37d2a07a0067f176fdcc9d4bb633a5724d2cc4f892c7a2046d054bb6939e5",
            "keep_locally": true,
            "name": "postgres:latest",
            "platform": null,
            "pull_triggers": null,
            "repo_digest": "postgres@sha256:4ec37d2a07a0067f176fdcc9d4bb633a5724d2cc4f892c7a2046d054bb6939e5",
            "triggers": null
          },
          "sensitive_attributes": [],
          "private": "bnVsbA=="
        }
      ]
    },
    {
      "module": "module.postgresdb",
      "mode": "managed",
      "type": "docker_volume",
      "name": "pgdata",
      "provider": "module.postgresdb.provider[\"registry.terraform.io/kreuzwerker/docker\"]",
      "instances": [
        {
          "schema_version": 1,
          "attributes": {
            "driver": "local",
            "driver_opts": {},
            "id": "pgdata",
            "labels": [],
            "mountpoint": "/var/lib/docker/volumes/pgdata/_data",
            "name": "pgdata"
          },
          "sensitive_attributes": [],
          "private": "eyJzY2hlbWFfdmVyc2lvbiI6IjEifQ=="
        }
      ]
    },
    {
      "module": "module.rabbitmq",
      "mode": "managed",
      "type": "docker_container",
      "name": "rabbitmq",
      "provider": "module.rabbitmq.provider[\"registry.terraform.io/kreuzwerker/docker\"]",
      "instances": [
        {
          "schema_version": 2,
          "attributes": {
            "attach": false,
            "bridge": "",
            "capabilities": [],
            "cgroupns_mode": null,
            "command": [
              "rabbitmq-server"
            ],
            "container_logs": null,
            "container_read_refresh_timeout_milliseconds": 15000,
            "cpu_set": "",
            "cpu_shares": 0,
            "destroy_grace_seconds": null,
            "devices": [],
            "dns": null,
            "dns_opts": null,
            "dns_search": null,
            "domainname": "",
            "entrypoint": [
              "docker-entrypoint.sh"
            ],
            "env": [
              "RABBITMQ_DEFAULT_PASS=bundle",
              "RABBITMQ_DEFAULT_USER=bundle"
            ],
            "exit_code": null,
            "gpus": null,
            "group_add": null,
            "healthcheck": null,
            "host": [],
            "hostname": "bc504761d809",
            "id": "bc504761d809c0bd0983995e3c8c44e11bb21a07ac81b07fa7bd46713ce6cdb7",
            "image": "sha256:b55a09baeef15e567a9403ce6c3c84ab06a97b48265954ae99876892c04fdfdf",
            "init": false,
            "ipc_mode": "private",
            "labels": [],
            "log_driver": "json-file",
            "log_opts": null,
            "logs": false,
            "max_retry_count": 0,
            "memory": 0,
            "memory_swap": 0,
            "mounts": [],
            "must_run": true,
            "name": "rabbitmq",
            "network_data": [
              {
                "gateway": "172.17.0.1",
                "global_ipv6_address": "",
                "global_ipv6_prefix_length": 0,
                "ip_address": "172.17.0.3",
                "ip_prefix_length": 16,
                "ipv6_gateway": "",
                "mac_address": "02:42:ac:11:00:03",
                "network_name": "bridge"
              }
            ],
            "network_mode": "bridge",
            "networks_advanced": [],
            "pid_mode": "",
            "ports": [
              {
                "external": 5672,
                "internal": 5672,
                "ip": "0.0.0.0",
                "protocol": "tcp"
              },
              {
                "external": 15672,
                "internal": 15672,
                "ip": "0.0.0.0",
                "protocol": "tcp"
              }
            ],
            "privileged": false,
            "publish_all_ports": false,
            "read_only": false,
            "remove_volumes": true,
            "restart": "no",
            "rm": false,
            "runtime": "runc",
            "security_opts": [],
            "shm_size": 64,
            "start": true,
            "stdin_open": false,
            "stop_signal": "",
            "stop_timeout": 0,
            "storage_opts": null,
            "sysctls": null,
            "tmpfs": null,
            "tty": false,
            "ulimit": [],
            "upload": [],
            "user": "",
            "userns_mode": "",
            "volumes": [],
            "wait": false,
            "wait_timeout": 60,
            "working_dir": ""
          },
          "sensitive_attributes": [],
          "private": "eyJzY2hlbWFfdmVyc2lvbiI6IjIifQ==",
          "dependencies": [
            "module.rabbitmq.docker_image.rabbitmq"
          ]
        }
      ]
    },
    {
      "module": "module.rabbitmq",
      "mode": "managed",
      "type": "docker_image",
      "name": "rabbitmq",
      "provider": "module.rabbitmq.provider[\"registry.terraform.io/kreuzwerker/docker\"]",
      "instances": [
        {
          "schema_version": 0,
          "attributes": {
            "build": [],
            "force_remove": null,
            "id": "sha256:b55a09baeef15e567a9403ce6c3c84ab06a97b48265954ae99876892c04fdfdfrabbitmq:3-management",
            "image_id": "sha256:b55a09baeef15e567a9403ce6c3c84ab06a97b48265954ae99876892c04fdfdf",
            "keep_locally": null,
            "name": "rabbitmq:3-management",
            "platform": null,
            "pull_triggers": null,
            "repo_digest": "rabbitmq@sha256:b55a09baeef15e567a9403ce6c3c84ab06a97b48265954ae99876892c04fdfdf",
            "triggers": null
          },
          "sensitive_attributes": [],
          "private": "bnVsbA=="
        }
      ]
    }
  ],
  "check_results": null
}
